
Microsoft Visual Studio Solution File, Format Version 12.00
# Visual Studio Version 16
VisualStudioVersion = 16.0.30711.63
MinimumVisualStudioVersion = 10.0.40219.1
Project("{FAE04EC0-301F-11D3-BF4B-00C04F79EFBC}") = "AngiolettiCalcio", "AngiolettiCalcio\AngiolettiCalcio.csproj", "{D81C420C-9509-4BA2-8A0B-53D3BC26C837}"
EndProject
Global
	GlobalSection(SolutionConfigurationPlatforms) = preSolution
		Debug|Any CPU = Debug|Any CPU
		Release|Any CPU = Release|Any CPU
	EndGlobalSection
	GlobalSection(ProjectConfigurationPlatforms) = postSolution
		{D81C420C-9509-4BA2-8A0B-53D3BC26C837}.Debug|Any CPU.ActiveCfg = Debug|Any CPU
		{D81C420C-9509-4BA2-8A0B-53D3BC26C837}.Debug|Any CPU.Build.0 = Debug|Any CPU
		{D81C420C-9509-4BA2-8A0B-53D3BC26C837}.Release|Any CPU.ActiveCfg = Release|Any CPU
		{D81C420C-9509-4BA2-8A0B-53D3BC26C837}.Release|Any CPU.Build.0 = Release|Any CPU
	EndGlobalSection
	GlobalSection(SolutionProperties) = preSolution
		HideSolutionNode = FALSE
	EndGlobalSection
	GlobalSection(ExtensibilityGlobals) = postSolution
		SolutionGuid = {EDFBE8EA-FC9E-4A1A-BC7C-56EDDF6775D0}
	EndGlobalSection
EndGlobal
